PODS:
  - Alamofire (4.9.1)
  - xAlert (1.0.0):
    - xDefine
    - xExtension
  - xAPI (1.0.1):
    - Alamofire (~> 4.9.1)
    - xAlert
    - xDefine
    - xExtension
    - xWebBrowser
  - xDefine (1.0.1)
  - xExtension (1.0.1)
  - xWebBrowser (1.0.0)

DEPENDENCIES:
  - xAPI (from `../`)

SPEC REPOS:
  https://github.com/kaibuleite/xSpecs.git:
    - xAlert
    - xDefine
    - xExtension
    - xWebBrowser
  trunk:
    - Alamofire

EXTERNAL SOURCES:
  xAPI:
    :path: "../"

SPEC CHECKSUMS:
  Alamofire: 85e8a02c69d6020a0d734f6054870d7ecb75cf18
  xAlert: ec2ba59f6ea83a9519ccae36ab28120cba0f3b86
  xAPI: edc302bf2c787c32483ae83fa2d922ad83456350
  xDefine: c49ba60b96d8a940028dfe98d9016c93894739d9
  xExtension: 3112075f98d10de63b99fbab7a7a800deac95793
  xWebBrowser: 24229411266f0a6934f4fe74939b4fb8f7b92137

PODFILE CHECKSUM: aba5a7c3193bbb88db05dc349012e4f1725ea247

COCOAPODS: 1.9.1
