PODS:
  - Alamofire (4.9.1)
  - xAPI (1.0.3):
    - Alamofire (~> 4.9.1)
    - xDefine
    - xExtension
    - xWebBrowser
  - xDefine (1.0.2)
  - xExtension (1.0.8):
    - xDefine
  - xWebBrowser (1.0.3):
    - xExtension

DEPENDENCIES:
  - xAPI (from `../`)

SPEC REPOS:
  https://github.com/kaibuleite/xSpecs.git:
    - xDefine
    - xExtension
    - xWebBrowser
  https://mirrors.tuna.tsinghua.edu.cn/git/CocoaPods/Specs.git:
    - Alamofire

EXTERNAL SOURCES:
  xAPI:
    :path: "../"

SPEC CHECKSUMS:
  Alamofire: 85e8a02c69d6020a0d734f6054870d7ecb75cf18
  xAPI: 3b20086203cc6f2efff2586d00ee328b7701faf2
  xDefine: 0df7b51c0e6edb71ca9fd667f728699d0a7a1b12
  xExtension: f53765a72cdb40b8dd8106f37c426d7b4084ba05
  xWebBrowser: 9e416da67774e0de70652c021d69d45ae8ca9f63

PODFILE CHECKSUM: 1a271e0cea0b60672a6311c087116d3b5b3657a3

COCOAPODS: 1.9.1
